{
    "_readme": [
        "This file locks the dependencies of your project to a known state",
        "Read more about it at https://getcomposer.org/doc/01-basic-usage.md#composer-lock-the-lock-file",
        "This file is @generated automatically"
    ],
    "hash": "f9cf256dbc9ed5660a8dcee27a74acf6",
    "content-hash": "e07eaf20f3a9bf9737f739ba5199365c",
    "packages": [
        {
            "name": "kvz/system_daemon",
            "version": "dev-master",
            "source": {
                "type": "git",
                "url": "https://github.com/kvz/system_daemon.git",
                "reference": "1d6be79ce7f4721917740a98c7c2e04b8f399d8b"
            },
            "dist": {
                "type": "zip",
                "url": "https://api.github.com/repos/kvz/system_daemon/zipball/1d6be79ce7f4721917740a98c7c2e04b8f399d8b",
                "reference": "1d6be79ce7f4721917740a98c7c2e04b8f399d8b",
                "shasum": ""
            },
            "type": "library",
            "support": {
                "source": "https://github.com/kvz/system_daemon/tree/master"
            },
            "time": "2015-10-30 14:19:32"
        }
    ],
    "packages-dev": [],
    "aliases": [],
    "minimum-stability": "stable",
    "stability-flags": {
        "kvz/system_daemon": 20
    },
    "prefer-stable": false,
    "prefer-lowest": false,
    "platform": {
        "php": ">=5.3.0"
    },
    "platform-dev": []
}
